
Microsoft Visual Studio Solution File, Format Version 12.00
# Visual Studio Version 16
VisualStudioVersion = 16.0.31005.135
MinimumVisualStudioVersion = 10.0.40219.1
Project("{9A19103F-16F7-4668-BE54-9A1E7A4F7556}") = "BadScript", "BadScript\BadScript.csproj", "{5A9EBEF0-0AE1-48F9-866E-581869BBD835}"
EndProject
Project("{9A19103F-16F7-4668-BE54-9A1E7A4F7556}") = "BadScript.Console", "BadScript.Console\BadScript.Console.csproj", "{3CE82978-0B2B-4096-88D0-5A42C129200C}"
EndProject
Project("{9A19103F-16F7-4668-BE54-9A1E7A4F7556}") = "BadScript.Json", "BadScript.Json\BadScript.Json.csproj", "{BB8735C1-D944-4A64-821F-A43111B69DAA}"
EndProject
Project("{9A19103F-16F7-4668-BE54-9A1E7A4F7556}") = "BadScript.Zip", "BadScript.Zip\BadScript.Zip.csproj", "{91E71C27-542E-4C41-9D8D-A834F794F613}"
EndProject
Project("{9A19103F-16F7-4668-BE54-9A1E7A4F7556}") = "BadScript.IO", "BadScript.IO\BadScript.IO.csproj", "{0C8CBDFD-D3F4-462C-80DF-85DB0A1588F7}"
EndProject
Project("{9A19103F-16F7-4668-BE54-9A1E7A4F7556}") = "BadScript.Math", "BadScript.Math\BadScript.Math.csproj", "{AC4042C0-D4A5-4CF6-B80A-88F2629E81DF}"
EndProject
Project("{9A19103F-16F7-4668-BE54-9A1E7A4F7556}") = "BadScript.Process", "BadScript.Process\BadScript.Process.csproj", "{16E2AE47-D4F0-49F7-B7F9-F9D57A7A9B80}"
EndProject
Project("{9A19103F-16F7-4668-BE54-9A1E7A4F7556}") = "BadScript.Http", "BadScript.Http\BadScript.Http.csproj", "{95924758-285D-4D56-8DB5-3FF565AF8BC8}"
EndProject
Project("{2150E333-8FDC-42A3-9474-1A3956D46DE8}") = "Api", "Api", "{CA37FB78-B2B0-4552-A7FC-A68ACB93BDE8}"
EndProject
Project("{9A19103F-16F7-4668-BE54-9A1E7A4F7556}") = "BadScript.ExpGen", "BadScript.ExpGen\BadScript.ExpGen.csproj", "{E60796B3-73F0-4311-8FE9-37A23F8B6FD0}"
EndProject
Project("{9A19103F-16F7-4668-BE54-9A1E7A4F7556}") = "BadScript.StringUtils", "BadScript.StringUtils\BadScript.StringUtils.csproj", "{8366A94D-2E79-4858-B57A-AE1903BE39D7}"
EndProject
Project("{9A19103F-16F7-4668-BE54-9A1E7A4F7556}") = "BadScript.Core", "BadScript.Core\BadScript.Core.csproj", "{A3DED68A-2692-4604-AC41-C96B2DCFC7DE}"
EndProject
Project("{9A19103F-16F7-4668-BE54-9A1E7A4F7556}") = "BadScript.ConsoleUtils", "BadScript.ConsoleUtils\BadScript.ConsoleUtils.csproj", "{3D2988C2-DE1B-4EFC-87BF-AA836674C20E}"
EndProject
Project("{9A19103F-16F7-4668-BE54-9A1E7A4F7556}") = "BadScript.Imaging", "BadScript.Imaging\BadScript.Imaging.csproj", "{39F965E2-CD17-4E35-B207-FB3263AD8B75}"
EndProject
Project("{9A19103F-16F7-4668-BE54-9A1E7A4F7556}") = "BadScript.HttpServer", "BadScript.HttpServer\BadScript.HttpServer.csproj", "{90439F93-CB50-4A00-BAF8-BE43DBDCA6C2}"
EndProject
Project("{FAE04EC0-301F-11D3-BF4B-00C04F79EFBC}") = "BadScript.Utils", "BadScript.Utils\BadScript.Utils.csproj", "{987106A0-3A16-480C-9C87-02710411623C}"
EndProject
Global
	GlobalSection(SolutionConfigurationPlatforms) = preSolution
		Debug|Any CPU = Debug|Any CPU
		Release|Any CPU = Release|Any CPU
	EndGlobalSection
	GlobalSection(ProjectConfigurationPlatforms) = postSolution
		{5A9EBEF0-0AE1-48F9-866E-581869BBD835}.Debug|Any CPU.ActiveCfg = Debug|Any CPU
		{5A9EBEF0-0AE1-48F9-866E-581869BBD835}.Debug|Any CPU.Build.0 = Debug|Any CPU
		{5A9EBEF0-0AE1-48F9-866E-581869BBD835}.Release|Any CPU.ActiveCfg = Release|Any CPU
		{5A9EBEF0-0AE1-48F9-866E-581869BBD835}.Release|Any CPU.Build.0 = Release|Any CPU
		{3CE82978-0B2B-4096-88D0-5A42C129200C}.Debug|Any CPU.ActiveCfg = Debug|Any CPU
		{3CE82978-0B2B-4096-88D0-5A42C129200C}.Debug|Any CPU.Build.0 = Debug|Any CPU
		{3CE82978-0B2B-4096-88D0-5A42C129200C}.Release|Any CPU.ActiveCfg = Release|Any CPU
		{3CE82978-0B2B-4096-88D0-5A42C129200C}.Release|Any CPU.Build.0 = Release|Any CPU
		{BB8735C1-D944-4A64-821F-A43111B69DAA}.Debug|Any CPU.ActiveCfg = Debug|Any CPU
		{BB8735C1-D944-4A64-821F-A43111B69DAA}.Debug|Any CPU.Build.0 = Debug|Any CPU
		{BB8735C1-D944-4A64-821F-A43111B69DAA}.Release|Any CPU.ActiveCfg = Release|Any CPU
		{BB8735C1-D944-4A64-821F-A43111B69DAA}.Release|Any CPU.Build.0 = Release|Any CPU
		{91E71C27-542E-4C41-9D8D-A834F794F613}.Debug|Any CPU.ActiveCfg = Debug|Any CPU
		{91E71C27-542E-4C41-9D8D-A834F794F613}.Debug|Any CPU.Build.0 = Debug|Any CPU
		{91E71C27-542E-4C41-9D8D-A834F794F613}.Release|Any CPU.ActiveCfg = Release|Any CPU
		{91E71C27-542E-4C41-9D8D-A834F794F613}.Release|Any CPU.Build.0 = Release|Any CPU
		{0C8CBDFD-D3F4-462C-80DF-85DB0A1588F7}.Debug|Any CPU.ActiveCfg = Debug|Any CPU
		{0C8CBDFD-D3F4-462C-80DF-85DB0A1588F7}.Debug|Any CPU.Build.0 = Debug|Any CPU
		{0C8CBDFD-D3F4-462C-80DF-85DB0A1588F7}.Release|Any CPU.ActiveCfg = Release|Any CPU
		{0C8CBDFD-D3F4-462C-80DF-85DB0A1588F7}.Release|Any CPU.Build.0 = Release|Any CPU
		{AC4042C0-D4A5-4CF6-B80A-88F2629E81DF}.Debug|Any CPU.ActiveCfg = Debug|Any CPU
		{AC4042C0-D4A5-4CF6-B80A-88F2629E81DF}.Debug|Any CPU.Build.0 = Debug|Any CPU
		{AC4042C0-D4A5-4CF6-B80A-88F2629E81DF}.Release|Any CPU.ActiveCfg = Release|Any CPU
		{AC4042C0-D4A5-4CF6-B80A-88F2629E81DF}.Release|Any CPU.Build.0 = Release|Any CPU
		{16E2AE47-D4F0-49F7-B7F9-F9D57A7A9B80}.Debug|Any CPU.ActiveCfg = Debug|Any CPU
		{16E2AE47-D4F0-49F7-B7F9-F9D57A7A9B80}.Debug|Any CPU.Build.0 = Debug|Any CPU
		{16E2AE47-D4F0-49F7-B7F9-F9D57A7A9B80}.Release|Any CPU.ActiveCfg = Release|Any CPU
		{16E2AE47-D4F0-49F7-B7F9-F9D57A7A9B80}.Release|Any CPU.Build.0 = Release|Any CPU
		{95924758-285D-4D56-8DB5-3FF565AF8BC8}.Debug|Any CPU.ActiveCfg = Debug|Any CPU
		{95924758-285D-4D56-8DB5-3FF565AF8BC8}.Debug|Any CPU.Build.0 = Debug|Any CPU
		{95924758-285D-4D56-8DB5-3FF565AF8BC8}.Release|Any CPU.ActiveCfg = Release|Any CPU
		{95924758-285D-4D56-8DB5-3FF565AF8BC8}.Release|Any CPU.Build.0 = Release|Any CPU
		{E60796B3-73F0-4311-8FE9-37A23F8B6FD0}.Debug|Any CPU.ActiveCfg = Debug|Any CPU
		{E60796B3-73F0-4311-8FE9-37A23F8B6FD0}.Debug|Any CPU.Build.0 = Debug|Any CPU
		{E60796B3-73F0-4311-8FE9-37A23F8B6FD0}.Release|Any CPU.ActiveCfg = Release|Any CPU
		{E60796B3-73F0-4311-8FE9-37A23F8B6FD0}.Release|Any CPU.Build.0 = Release|Any CPU
		{8366A94D-2E79-4858-B57A-AE1903BE39D7}.Debug|Any CPU.ActiveCfg = Debug|Any CPU
		{8366A94D-2E79-4858-B57A-AE1903BE39D7}.Debug|Any CPU.Build.0 = Debug|Any CPU
		{8366A94D-2E79-4858-B57A-AE1903BE39D7}.Release|Any CPU.ActiveCfg = Release|Any CPU
		{8366A94D-2E79-4858-B57A-AE1903BE39D7}.Release|Any CPU.Build.0 = Release|Any CPU
		{A3DED68A-2692-4604-AC41-C96B2DCFC7DE}.Debug|Any CPU.ActiveCfg = Debug|Any CPU
		{A3DED68A-2692-4604-AC41-C96B2DCFC7DE}.Debug|Any CPU.Build.0 = Debug|Any CPU
		{A3DED68A-2692-4604-AC41-C96B2DCFC7DE}.Release|Any CPU.ActiveCfg = Release|Any CPU
		{A3DED68A-2692-4604-AC41-C96B2DCFC7DE}.Release|Any CPU.Build.0 = Release|Any CPU
		{3D2988C2-DE1B-4EFC-87BF-AA836674C20E}.Debug|Any CPU.ActiveCfg = Debug|Any CPU
		{3D2988C2-DE1B-4EFC-87BF-AA836674C20E}.Debug|Any CPU.Build.0 = Debug|Any CPU
		{3D2988C2-DE1B-4EFC-87BF-AA836674C20E}.Release|Any CPU.ActiveCfg = Release|Any CPU
		{3D2988C2-DE1B-4EFC-87BF-AA836674C20E}.Release|Any CPU.Build.0 = Release|Any CPU
		{39F965E2-CD17-4E35-B207-FB3263AD8B75}.Debug|Any CPU.ActiveCfg = Debug|Any CPU
		{39F965E2-CD17-4E35-B207-FB3263AD8B75}.Debug|Any CPU.Build.0 = Debug|Any CPU
		{39F965E2-CD17-4E35-B207-FB3263AD8B75}.Release|Any CPU.ActiveCfg = Release|Any CPU
		{39F965E2-CD17-4E35-B207-FB3263AD8B75}.Release|Any CPU.Build.0 = Release|Any CPU
		{90439F93-CB50-4A00-BAF8-BE43DBDCA6C2}.Debug|Any CPU.ActiveCfg = Debug|Any CPU
		{90439F93-CB50-4A00-BAF8-BE43DBDCA6C2}.Debug|Any CPU.Build.0 = Debug|Any CPU
		{90439F93-CB50-4A00-BAF8-BE43DBDCA6C2}.Release|Any CPU.ActiveCfg = Release|Any CPU
		{90439F93-CB50-4A00-BAF8-BE43DBDCA6C2}.Release|Any CPU.Build.0 = Release|Any CPU
		{987106A0-3A16-480C-9C87-02710411623C}.Debug|Any CPU.ActiveCfg = Debug|Any CPU
		{987106A0-3A16-480C-9C87-02710411623C}.Debug|Any CPU.Build.0 = Debug|Any CPU
		{987106A0-3A16-480C-9C87-02710411623C}.Release|Any CPU.ActiveCfg = Release|Any CPU
		{987106A0-3A16-480C-9C87-02710411623C}.Release|Any CPU.Build.0 = Release|Any CPU
	EndGlobalSection
	GlobalSection(SolutionProperties) = preSolution
		HideSolutionNode = FALSE
	EndGlobalSection
	GlobalSection(NestedProjects) = preSolution
		{BB8735C1-D944-4A64-821F-A43111B69DAA} = {CA37FB78-B2B0-4552-A7FC-A68ACB93BDE8}
		{91E71C27-542E-4C41-9D8D-A834F794F613} = {CA37FB78-B2B0-4552-A7FC-A68ACB93BDE8}
		{0C8CBDFD-D3F4-462C-80DF-85DB0A1588F7} = {CA37FB78-B2B0-4552-A7FC-A68ACB93BDE8}
		{AC4042C0-D4A5-4CF6-B80A-88F2629E81DF} = {CA37FB78-B2B0-4552-A7FC-A68ACB93BDE8}
		{16E2AE47-D4F0-49F7-B7F9-F9D57A7A9B80} = {CA37FB78-B2B0-4552-A7FC-A68ACB93BDE8}
		{95924758-285D-4D56-8DB5-3FF565AF8BC8} = {CA37FB78-B2B0-4552-A7FC-A68ACB93BDE8}
		{8366A94D-2E79-4858-B57A-AE1903BE39D7} = {CA37FB78-B2B0-4552-A7FC-A68ACB93BDE8}
		{A3DED68A-2692-4604-AC41-C96B2DCFC7DE} = {CA37FB78-B2B0-4552-A7FC-A68ACB93BDE8}
		{3D2988C2-DE1B-4EFC-87BF-AA836674C20E} = {CA37FB78-B2B0-4552-A7FC-A68ACB93BDE8}
		{39F965E2-CD17-4E35-B207-FB3263AD8B75} = {CA37FB78-B2B0-4552-A7FC-A68ACB93BDE8}
		{90439F93-CB50-4A00-BAF8-BE43DBDCA6C2} = {CA37FB78-B2B0-4552-A7FC-A68ACB93BDE8}
	EndGlobalSection
	GlobalSection(ExtensibilityGlobals) = postSolution
		SolutionGuid = {15D6036D-F581-44C4-921D-D0F2E8DC8457}
	EndGlobalSection
EndGlobal
